
Microsoft Visual Studio Solution File, Format Version 12.00
# Visual Studio 14
VisualStudioVersion = 14.0.23107.0
MinimumVisualStudioVersion = 10.0.40219.1
Project("{FAE04EC0-301F-11D3-BF4B-00C04F79EFBC}") = "SquirrelDeploy", "src\SquirrelDeploy\SquirrelDeploy.csproj", "{5B0EC59F-A08A-4932-9AB7-3D954AB5D083}"
EndProject
Project("{2150E333-8FDC-42A3-9474-1A3956D46DE8}") = "tools", "tools", "{8186E79B-98E2-488B-B2B2-82977F82891A}"
	ProjectSection(SolutionItems) = preProject
		tools\Before.AppName.sln.targets = tools\Before.AppName.sln.targets
	EndProjectSection
EndProject
Project("{FAE04EC0-301F-11D3-BF4B-00C04F79EFBC}") = "GitBot", "src\GitBot\GitBot.csproj", "{007D1CF3-B8B9-4BF9-AF39-BC5EA27F7929}"
EndProject
Project("{FAE04EC0-301F-11D3-BF4B-00C04F79EFBC}") = "PostBuildTool", "src\PostBuildTool\PostBuildTool.csproj", "{29A083FD-E785-4D68-B971-48DA1F04C54F}"
EndProject
Global
	GlobalSection(SolutionConfigurationPlatforms) = preSolution
		Debug|Any CPU = Debug|Any CPU
		Release|Any CPU = Release|Any CPU
	EndGlobalSection
	GlobalSection(ProjectConfigurationPlatforms) = postSolution
		{5B0EC59F-A08A-4932-9AB7-3D954AB5D083}.Debug|Any CPU.ActiveCfg = Debug|Any CPU
		{5B0EC59F-A08A-4932-9AB7-3D954AB5D083}.Debug|Any CPU.Build.0 = Debug|Any CPU
		{5B0EC59F-A08A-4932-9AB7-3D954AB5D083}.Release|Any CPU.ActiveCfg = Release|Any CPU
		{5B0EC59F-A08A-4932-9AB7-3D954AB5D083}.Release|Any CPU.Build.0 = Release|Any CPU
		{007D1CF3-B8B9-4BF9-AF39-BC5EA27F7929}.Debug|Any CPU.ActiveCfg = Debug|Any CPU
		{007D1CF3-B8B9-4BF9-AF39-BC5EA27F7929}.Debug|Any CPU.Build.0 = Debug|Any CPU
		{007D1CF3-B8B9-4BF9-AF39-BC5EA27F7929}.Release|Any CPU.ActiveCfg = Release|Any CPU
		{007D1CF3-B8B9-4BF9-AF39-BC5EA27F7929}.Release|Any CPU.Build.0 = Release|Any CPU
		{29A083FD-E785-4D68-B971-48DA1F04C54F}.Debug|Any CPU.ActiveCfg = Debug|Any CPU
		{29A083FD-E785-4D68-B971-48DA1F04C54F}.Debug|Any CPU.Build.0 = Debug|Any CPU
		{29A083FD-E785-4D68-B971-48DA1F04C54F}.Release|Any CPU.ActiveCfg = Release|Any CPU
		{29A083FD-E785-4D68-B971-48DA1F04C54F}.Release|Any CPU.Build.0 = Release|Any CPU
	EndGlobalSection
	GlobalSection(SolutionProperties) = preSolution
		HideSolutionNode = FALSE
	EndGlobalSection
EndGlobal
